
Microsoft Visual Studio Solution File, Format Version 12.00
# Visual Studio Version 17
VisualStudioVersion = 17.9.34902.65
MinimumVisualStudioVersion = 10.0.40219.1
Project("{9A19103F-16F7-4668-BE54-9A1E7A4F7556}") = "ProtocolToolsApp", "ProtocolToolsApp\ProtocolToolsApp.csproj", "{30A9D31C-158F-46CB-A5C8-B69893B10C0C}"
EndProject
Project("{9A19103F-16F7-4668-BE54-9A1E7A4F7556}") = "CompareCli", "CompareCli\CompareCli.csproj", "{BA5C0D7B-9250-4C50-8246-C536DFBB5C66}"
EndProject
Global
	GlobalSection(SolutionConfigurationPlatforms) = preSolution
		Debug|Any CPU = Debug|Any CPU
		Release|Any CPU = Release|Any CPU
	EndGlobalSection
	GlobalSection(ProjectConfigurationPlatforms) = postSolution
		{30A9D31C-158F-46CB-A5C8-B69893B10C0C}.Debug|Any CPU.ActiveCfg = Debug|Any CPU
		{30A9D31C-158F-46CB-A5C8-B69893B10C0C}.Debug|Any CPU.Build.0 = Debug|Any CPU
		{30A9D31C-158F-46CB-A5C8-B69893B10C0C}.Release|Any CPU.ActiveCfg = Release|Any CPU
		{30A9D31C-158F-46CB-A5C8-B69893B10C0C}.Release|Any CPU.Build.0 = Release|Any CPU
		{BA5C0D7B-9250-4C50-8246-C536DFBB5C66}.Debug|Any CPU.ActiveCfg = Debug|Any CPU
		{BA5C0D7B-9250-4C50-8246-C536DFBB5C66}.Debug|Any CPU.Build.0 = Debug|Any CPU
		{BA5C0D7B-9250-4C50-8246-C536DFBB5C66}.Release|Any CPU.ActiveCfg = Release|Any CPU
		{BA5C0D7B-9250-4C50-8246-C536DFBB5C66}.Release|Any CPU.Build.0 = Release|Any CPU
	EndGlobalSection
	GlobalSection(SolutionProperties) = preSolution
		HideSolutionNode = FALSE
	EndGlobalSection
	GlobalSection(ExtensibilityGlobals) = postSolution
		SolutionGuid = {01E71C8B-63DD-4804-897E-1A1F79C0E608}
	EndGlobalSection
EndGlobal
